// !$*UTF8*$!
{
	archiveVersion = 1;
	classes = {
	};
	objectVersion = 48;
	objects = {

/* Begin PBXBuildFile section */
		3821369F1F8FEA7200C93641 /* AddGameUITableView.swift in Sources */ = {isa = PBXBuildFile; fileRef = 3821369E1F8FEA7200C93641 /* AddGameUITableView.swift */; };
		382136A11F8FED4600C93641 /* AddGameTableViewCell.swift in Sources */ = {isa = PBXBuildFile; fileRef = 382136A01F8FED4600C93641 /* AddGameTableViewCell.swift */; };
		382136A51F8FEF3200C93641 /* MenuViewController.swift in Sources */ = {isa = PBXBuildFile; fileRef = 382136A41F8FEF3200C93641 /* MenuViewController.swift */; };
		386FCCB51F926FBB00E1EE4B /* AddGameViewController.swift in Sources */ = {isa = PBXBuildFile; fileRef = 386FCCB41F926FBB00E1EE4B /* AddGameViewController.swift */; };
		386FCCC91F92756100E1EE4B /* Roboto-Black.ttf in Resources */ = {isa = PBXBuildFile; fileRef = 386FCCC21F92754F00E1EE4B /* Roboto-Black.ttf */; };
		386FCCCA1F92756100E1EE4B /* Roboto-BlackItalic.ttf in Resources */ = {isa = PBXBuildFile; fileRef = 386FCCC11F92754F00E1EE4B /* Roboto-BlackItalic.ttf */; };
		386FCCCB1F92756100E1EE4B /* Roboto-Bold.ttf in Resources */ = {isa = PBXBuildFile; fileRef = 386FCCBA1F92754E00E1EE4B /* Roboto-Bold.ttf */; };
		386FCCCC1F92756100E1EE4B /* Roboto-BoldCondensed.ttf in Resources */ = {isa = PBXBuildFile; fileRef = 386FCCC71F92754F00E1EE4B /* Roboto-BoldCondensed.ttf */; };
		386FCCCD1F92756100E1EE4B /* Roboto-BoldCondensedItalic.ttf in Resources */ = {isa = PBXBuildFile; fileRef = 386FCCC51F92754F00E1EE4B /* Roboto-BoldCondensedItalic.ttf */; };
		386FCCCE1F92756100E1EE4B /* Roboto-BoldItalic.ttf in Resources */ = {isa = PBXBuildFile; fileRef = 386FCCBE1F92754E00E1EE4B /* Roboto-BoldItalic.ttf */; };
		386FCCCF1F92756100E1EE4B /* Roboto-Condensed.ttf in Resources */ = {isa = PBXBuildFile; fileRef = 386FCCC01F92754F00E1EE4B /* Roboto-Condensed.ttf */; };
		386FCCD01F92756100E1EE4B /* Roboto-CondensedItalic.ttf in Resources */ = {isa = PBXBuildFile; fileRef = 386FCCBB1F92754E00E1EE4B /* Roboto-CondensedItalic.ttf */; };
		386FCCD11F92756100E1EE4B /* Roboto-Italic.ttf in Resources */ = {isa = PBXBuildFile; fileRef = 386FCCC61F92754F00E1EE4B /* Roboto-Italic.ttf */; };
		386FCCD21F92756100E1EE4B /* Roboto-Light.ttf in Resources */ = {isa = PBXBuildFile; fileRef = 386FCCB91F92754E00E1EE4B /* Roboto-Light.ttf */; };
		386FCCD31F92756100E1EE4B /* Roboto-LightItalic.ttf in Resources */ = {isa = PBXBuildFile; fileRef = 386FCCC81F92755000E1EE4B /* Roboto-LightItalic.ttf */; };
		386FCCD41F92756100E1EE4B /* Roboto-Medium.ttf in Resources */ = {isa = PBXBuildFile; fileRef = 386FCCBC1F92754E00E1EE4B /* Roboto-Medium.ttf */; };
		386FCCD51F92756100E1EE4B /* Roboto-MediumItalic.ttf in Resources */ = {isa = PBXBuildFile; fileRef = 386FCCBF1F92754F00E1EE4B /* Roboto-MediumItalic.ttf */; };
		386FCCD61F92756100E1EE4B /* Roboto-Regular.ttf in Resources */ = {isa = PBXBuildFile; fileRef = 386FCCBD1F92754E00E1EE4B /* Roboto-Regular.ttf */; };
		386FCCD71F92756100E1EE4B /* Roboto-Thin.ttf in Resources */ = {isa = PBXBuildFile; fileRef = 386FCCC31F92754F00E1EE4B /* Roboto-Thin.ttf */; };
		386FCCD81F92756100E1EE4B /* Roboto-ThinItalic.ttf in Resources */ = {isa = PBXBuildFile; fileRef = 386FCCC41F92754F00E1EE4B /* Roboto-ThinItalic.ttf */; };
		386FCCDB1F927ECA00E1EE4B /* Fonts.swift in Sources */ = {isa = PBXBuildFile; fileRef = 386FCCDA1F927ECA00E1EE4B /* Fonts.swift */; };
		386FCCDD1F927EF800E1EE4B /* Games.swift in Sources */ = {isa = PBXBuildFile; fileRef = 386FCCDC1F927EF800E1EE4B /* Games.swift */; };
		386FCCE01F92802C00E1EE4B /* RoundedCornerNgradientImageView.swift in Sources */ = {isa = PBXBuildFile; fileRef = 386FCCDF1F92802C00E1EE4B /* RoundedCornerNgradientImageView.swift */; };
		386FCCE21F92807B00E1EE4B /* ShadowNCornerRadiusView.swift in Sources */ = {isa = PBXBuildFile; fileRef = 386FCCE11F92807B00E1EE4B /* ShadowNCornerRadiusView.swift */; };
		388C6CC61F8E6FF100F5E24A /* AppDelegate.swift in Sources */ = {isa = PBXBuildFile; fileRef = 388C6CC51F8E6FF100F5E24A /* AppDelegate.swift */; };
		388C6CCD1F8E6FF100F5E24A /* Assets.xcassets in Resources */ = {isa = PBXBuildFile; fileRef = 388C6CCC1F8E6FF100F5E24A /* Assets.xcassets */; };
		388C6CD01F8E6FF100F5E24A /* LaunchScreen.storyboard in Resources */ = {isa = PBXBuildFile; fileRef = 388C6CCE1F8E6FF100F5E24A /* LaunchScreen.storyboard */; };
		388C6CDB1F8E6FF100F5E24A /* Projet_ProgTests.swift in Sources */ = {isa = PBXBuildFile; fileRef = 388C6CDA1F8E6FF100F5E24A /* Projet_ProgTests.swift */; };
		388C6CE61F8E6FF200F5E24A /* Projet_ProgUITests.swift in Sources */ = {isa = PBXBuildFile; fileRef = 388C6CE51F8E6FF200F5E24A /* Projet_ProgUITests.swift */; };
		6478189A22B42FE3000AA972 /* Pods_Projet_ProgTests.framework in Frameworks */ = {isa = PBXBuildFile; fileRef = 9C24B88D9A5D34B5AA593A1C /* Pods_Projet_ProgTests.framework */; };
		9C7D438E48406714C97F76C8 /* Pods_Projet_Prog.framework in Frameworks */ = {isa = PBXBuildFile; fileRef = A55F2D17F496A7CF3B993C88 /* Pods_Projet_Prog.framework */; };
		F586917A88627FB4285A2856 /* Pods_Projet_ProgUITests.framework in Frameworks */ = {isa = PBXBuildFile; fileRef = AEECC8FC0A016A4DECA21A55 /* Pods_Projet_ProgUITests.framework */; };
/* End PBXBuildFile section */

/* Begin PBXContainerItemProxy section */
		388C6CD71F8E6FF100F5E24A /* PBXContainerItemProxy */ = {
			isa = PBXContainerItemProxy;
			containerPortal = 388C6CBA1F8E6FF100F5E24A /* Project object */;
			proxyType = 1;
			remoteGlobalIDString = 388C6CC11F8E6FF100F5E24A;
			remoteInfo = Projet_Prog;
		};
		388C6CE21F8E6FF200F5E24A /* PBXContainerItemProxy */ = {
			isa = PBXContainerItemProxy;
			containerPortal = 388C6CBA1F8E6FF100F5E24A /* Project object */;
			proxyType = 1;
			remoteGlobalIDString = 388C6CC11F8E6FF100F5E24A;
			remoteInfo = Projet_Prog;
		};
/* End PBXContainerItemProxy section */

/* Begin PBXFileReference section */
		1373144107C980EE1253667B /* Pods-Projet_Prog.debug.xcconfig */ = {isa = PBXFileReference; includeInIndex = 1; lastKnownFileType = text.xcconfig; name = "Pods-Projet_Prog.debug.xcconfig"; path = "Pods/Target Support Files/Pods-Projet_Prog/Pods-Projet_Prog.debug.xcconfig"; sourceTree = "<group>"; };
		2F0300303EC0E93AB8A3369A /* Pods-Projet_ProgUITests.release.xcconfig */ = {isa = PBXFileReference; includeInIndex = 1; lastKnownFileType = text.xcconfig; name = "Pods-Projet_ProgUITests.release.xcconfig"; path = "Pods/Target Support Files/Pods-Projet_ProgUITests/Pods-Projet_ProgUITests.release.xcconfig"; sourceTree = "<group>"; };
		3821369E1F8FEA7200C93641 /* AddGameUITableView.swift */ = {isa = PBXFileReference; lastKnownFileType = sourcecode.swift; path = AddGameUITableView.swift; sourceTree = "<group>"; };
		382136A01F8FED4600C93641 /* AddGameTableViewCell.swift */ = {isa = PBXFileReference; lastKnownFileType = sourcecode.swift; path = AddGameTableViewCell.swift; sourceTree = "<group>"; };
		382136A41F8FEF3200C93641 /* MenuViewController.swift */ = {isa = PBXFileReference; lastKnownFileType = sourcecode.swift; path = MenuViewController.swift; sourceTree = "<group>"; };
		386FCCB41F926FBB00E1EE4B /* AddGameViewController.swift */ = {isa = PBXFileReference; lastKnownFileType = sourcecode.swift; path = AddGameViewController.swift; sourceTree = "<group>"; };
		386FCCB91F92754E00E1EE4B /* Roboto-Light.ttf */ = {isa = PBXFileReference; lastKnownFileType = file; path = "Roboto-Light.ttf"; sourceTree = "<group>"; };
		386FCCBA1F92754E00E1EE4B /* Roboto-Bold.ttf */ = {isa = PBXFileReference; lastKnownFileType = file; path = "Roboto-Bold.ttf"; sourceTree = "<group>"; };
		386FCCBB1F92754E00E1EE4B /* Roboto-CondensedItalic.ttf */ = {isa = PBXFileReference; lastKnownFileType = file; path = "Roboto-CondensedItalic.ttf"; sourceTree = "<group>"; };
		386FCCBC1F92754E00E1EE4B /* Roboto-Medium.ttf */ = {isa = PBXFileReference; lastKnownFileType = file; path = "Roboto-Medium.ttf"; sourceTree = "<group>"; };
		386FCCBD1F92754E00E1EE4B /* Roboto-Regular.ttf */ = {isa = PBXFileReference; lastKnownFileType = file; path = "Roboto-Regular.ttf"; sourceTree = "<group>"; };
		386FCCBE1F92754E00E1EE4B /* Roboto-BoldItalic.ttf */ = {isa = PBXFileReference; lastKnownFileType = file; path = "Roboto-BoldItalic.ttf"; sourceTree = "<group>"; };
		386FCCBF1F92754F00E1EE4B /* Roboto-MediumItalic.ttf */ = {isa = PBXFileReference; lastKnownFileType = file; path = "Roboto-MediumItalic.ttf"; sourceTree = "<group>"; };
		386FCCC01F92754F00E1EE4B /* Roboto-Condensed.ttf */ = {isa = PBXFileReference; lastKnownFileType = file; path = "Roboto-Condensed.ttf"; sourceTree = "<group>"; };
		386FCCC11F92754F00E1EE4B /* Roboto-BlackItalic.ttf */ = {isa = PBXFileReference; lastKnownFileType = file; path = "Roboto-BlackItalic.ttf"; sourceTree = "<group>"; };
		386FCCC21F92754F00E1EE4B /* Roboto-Black.ttf */ = {isa = PBXFileReference; lastKnownFileType = file; path = "Roboto-Black.ttf"; sourceTree = "<group>"; };
		386FCCC31F92754F00E1EE4B /* Roboto-Thin.ttf */ = {isa = PBXFileReference; lastKnownFileType = file; path = "Roboto-Thin.ttf"; sourceTree = "<group>"; };
		386FCCC41F92754F00E1EE4B /* Roboto-ThinItalic.ttf */ = {isa = PBXFileReference; lastKnownFileType = file; path = "Roboto-ThinItalic.ttf"; sourceTree = "<group>"; };
		386FCCC51F92754F00E1EE4B /* Roboto-BoldCondensedItalic.ttf */ = {isa = PBXFileReference; lastKnownFileType = file; path = "Roboto-BoldCondensedItalic.ttf"; sourceTree = "<group>"; };
		386FCCC61F92754F00E1EE4B /* Roboto-Italic.ttf */ = {isa = PBXFileReference; lastKnownFileType = file; path = "Roboto-Italic.ttf"; sourceTree = "<group>"; };
		386FCCC71F92754F00E1EE4B /* Roboto-BoldCondensed.ttf */ = {isa = PBXFileReference; lastKnownFileType = file; path = "Roboto-BoldCondensed.ttf"; sourceTree = "<group>"; };
		386FCCC81F92755000E1EE4B /* Roboto-LightItalic.ttf */ = {isa = PBXFileReference; lastKnownFileType = file; path = "Roboto-LightItalic.ttf"; sourceTree = "<group>"; };
		386FCCDA1F927ECA00E1EE4B /* Fonts.swift */ = {isa = PBXFileReference; lastKnownFileType = sourcecode.swift; path = Fonts.swift; sourceTree = "<group>"; };
		386FCCDC1F927EF800E1EE4B /* Games.swift */ = {isa = PBXFileReference; lastKnownFileType = sourcecode.swift; path = Games.swift; sourceTree = "<group>"; };
		386FCCDF1F92802C00E1EE4B /* RoundedCornerNgradientImageView.swift */ = {isa = PBXFileReference; lastKnownFileType = sourcecode.swift; path = RoundedCornerNgradientImageView.swift; sourceTree = "<group>"; };
		386FCCE11F92807B00E1EE4B /* ShadowNCornerRadiusView.swift */ = {isa = PBXFileReference; lastKnownFileType = sourcecode.swift; path = ShadowNCornerRadiusView.swift; sourceTree = "<group>"; };
		388C6CC21F8E6FF100F5E24A /* Projet_Prog.app */ = {isa = PBXFileReference; explicitFileType = wrapper.application; includeInIndex = 0; path = Projet_Prog.app; sourceTree = BUILT_PRODUCTS_DIR; };
		388C6CC51F8E6FF100F5E24A /* AppDelegate.swift */ = {isa = PBXFileReference; lastKnownFileType = sourcecode.swift; path = AppDelegate.swift; sourceTree = "<group>"; };
		388C6CCC1F8E6FF100F5E24A /* Assets.xcassets */ = {isa = PBXFileReference; lastKnownFileType = folder.assetcatalog; path = Assets.xcassets; sourceTree = "<group>"; };
		388C6CCF1F8E6FF100F5E24A /* Base */ = {isa = PBXFileReference; lastKnownFileType = file.storyboard; name = Base; path = Base.lproj/LaunchScreen.storyboard; sourceTree = "<group>"; };
		388C6CD11F8E6FF100F5E24A /* Info.plist */ = {isa = PBXFileReference; lastKnownFileType = text.plist.xml; path = Info.plist; sourceTree = "<group>"; };
		388C6CD61F8E6FF100F5E24A /* Projet_ProgTests.xctest */ = {isa = PBXFileReference; explicitFileType = wrapper.cfbundle; includeInIndex = 0; path = Projet_ProgTests.xctest; sourceTree = BUILT_PRODUCTS_DIR; };
		388C6CDA1F8E6FF100F5E24A /* Projet_ProgTests.swift */ = {isa = PBXFileReference; lastKnownFileType = sourcecode.swift; path = Projet_ProgTests.swift; sourceTree = "<group>"; };
		388C6CDC1F8E6FF100F5E24A /* Info.plist */ = {isa = PBXFileReference; lastKnownFileType = text.plist.xml; path = Info.plist; sourceTree = "<group>"; };
		388C6CE11F8E6FF200F5E24A /* Projet_ProgUITests.xctest */ = {isa = PBXFileReference; explicitFileType = wrapper.cfbundle; includeInIndex = 0; path = Projet_ProgUITests.xctest; sourceTree = BUILT_PRODUCTS_DIR; };
		388C6CE51F8E6FF200F5E24A /* Projet_ProgUITests.swift */ = {isa = PBXFileReference; lastKnownFileType = sourcecode.swift; path = Projet_ProgUITests.swift; sourceTree = "<group>"; };
		388C6CE71F8E6FF200F5E24A /* Info.plist */ = {isa = PBXFileReference; lastKnownFileType = text.plist.xml; path = Info.plist; sourceTree = "<group>"; };
		3D8DFDF7516C230BDD1F69D1 /* Pods-Projet_ProgTests.debug.xcconfig */ = {isa = PBXFileReference; includeInIndex = 1; lastKnownFileType = text.xcconfig; name = "Pods-Projet_ProgTests.debug.xcconfig"; path = "Pods/Target Support Files/Pods-Projet_ProgTests/Pods-Projet_ProgTests.debug.xcconfig"; sourceTree = "<group>"; };
		51A4E5584357054FD47B38EE /* Pods-Projet_Prog.release.xcconfig */ = {isa = PBXFileReference; includeInIndex = 1; lastKnownFileType = text.xcconfig; name = "Pods-Projet_Prog.release.xcconfig"; path = "Pods/Target Support Files/Pods-Projet_Prog/Pods-Projet_Prog.release.xcconfig"; sourceTree = "<group>"; };
		874C47401F92B1710056AC8A /* ProfilViewController.swift */ = {isa = PBXFileReference; lastKnownFileType = sourcecode.swift; path = ProfilViewController.swift; sourceTree = "<group>"; };
		95FFAA67781F06414B87989B /* Pods-Projet_ProgUITests.debug.xcconfig */ = {isa = PBXFileReference; includeInIndex = 1; lastKnownFileType = text.xcconfig; name = "Pods-Projet_ProgUITests.debug.xcconfig"; path = "Pods/Target Support Files/Pods-Projet_ProgUITests/Pods-Projet_ProgUITests.debug.xcconfig"; sourceTree = "<group>"; };
		9C24B88D9A5D34B5AA593A1C /* Pods_Projet_ProgTests.framework */ = {isa = PBXFileReference; explicitFileType = wrapper.framework; includeInIndex = 0; path = Pods_Projet_ProgTests.framework; sourceTree = BUILT_PRODUCTS_DIR; };
		A55F2D17F496A7CF3B993C88 /* Pods_Projet_Prog.framework */ = {isa = PBXFileReference; explicitFileType = wrapper.framework; includeInIndex = 0; path = Pods_Projet_Prog.framework; sourceTree = BUILT_PRODUCTS_DIR; };
		AEECC8FC0A016A4DECA21A55 /* Pods_Projet_ProgUITests.framework */ = {isa = PBXFileReference; explicitFileType = wrapper.framework; includeInIndex = 0; path = Pods_Projet_ProgUITests.framework; sourceTree = BUILT_PRODUCTS_DIR; };
		FE15698A1F5372D4E0DDE5E0 /* Pods-Projet_ProgTests.release.xcconfig */ = {isa = PBXFileReference; includeInIndex = 1; lastKnownFileType = text.xcconfig; name = "Pods-Projet_ProgTests.release.xcconfig"; path = "Pods/Target Support Files/Pods-Projet_ProgTests/Pods-Projet_ProgTests.release.xcconfig"; sourceTree = "<group>"; };
/* End PBXFileReference section */

/* Begin PBXFrameworksBuildPhase section */
		388C6CBF1F8E6FF100F5E24A /* Frameworks */ = {
			isa = PBXFrameworksBuildPhase;
			buildActionMask = 2147483647;
			files = (
				9C7D438E48406714C97F76C8 /* Pods_Projet_Prog.framework in Frameworks */,
			);
			runOnlyForDeploymentPostprocessing = 0;
		};
		388C6CD31F8E6FF100F5E24A /* Frameworks */ = {
			isa = PBXFrameworksBuildPhase;
			buildActionMask = 2147483647;
			files = (
				6478189A22B42FE3000AA972 /* Pods_Projet_ProgTests.framework in Frameworks */,
			);
			runOnlyForDeploymentPostprocessing = 0;
		};
		388C6CDE1F8E6FF200F5E24A /* Frameworks */ = {
			isa = PBXFrameworksBuildPhase;
			buildActionMask = 2147483647;
			files = (
				F586917A88627FB4285A2856 /* Pods_Projet_ProgUITests.framework in Frameworks */,
			);
			runOnlyForDeploymentPostprocessing = 0;
		};
/* End PBXFrameworksBuildPhase section */

/* Begin PBXGroup section */
		3556A182556CBCA06576DE75 /* Pods */ = {
			isa = PBXGroup;
			children = (
				1373144107C980EE1253667B /* Pods-Projet_Prog.debug.xcconfig */,
				51A4E5584357054FD47B38EE /* Pods-Projet_Prog.release.xcconfig */,
				3D8DFDF7516C230BDD1F69D1 /* Pods-Projet_ProgTests.debug.xcconfig */,
				FE15698A1F5372D4E0DDE5E0 /* Pods-Projet_ProgTests.release.xcconfig */,
				95FFAA67781F06414B87989B /* Pods-Projet_ProgUITests.debug.xcconfig */,
				2F0300303EC0E93AB8A3369A /* Pods-Projet_ProgUITests.release.xcconfig */,
			);
			name = Pods;
			sourceTree = "<group>";
		};
		382136A21F8FED4C00C93641 /* Add Game */ = {
			isa = PBXGroup;
			children = (
				386FCCB41F926FBB00E1EE4B /* AddGameViewController.swift */,
				3821369E1F8FEA7200C93641 /* AddGameUITableView.swift */,
				382136A01F8FED4600C93641 /* AddGameTableViewCell.swift */,
			);
			path = "Add Game";
			sourceTree = "<group>";
		};
		386FCCB71F9274F400E1EE4B /* Ressources */ = {
			isa = PBXGroup;
			children = (
				388C6CCC1F8E6FF100F5E24A /* Assets.xcassets */,
				386FCCB81F92754400E1EE4B /* Fonts */,
			);
			path = Ressources;
			sourceTree = "<group>";
		};
		386FCCB81F92754400E1EE4B /* Fonts */ = {
			isa = PBXGroup;
			children = (
				386FCCC21F92754F00E1EE4B /* Roboto-Black.ttf */,
				386FCCC11F92754F00E1EE4B /* Roboto-BlackItalic.ttf */,
				386FCCBA1F92754E00E1EE4B /* Roboto-Bold.ttf */,
				386FCCC71F92754F00E1EE4B /* Roboto-BoldCondensed.ttf */,
				386FCCC51F92754F00E1EE4B /* Roboto-BoldCondensedItalic.ttf */,
				386FCCBE1F92754E00E1EE4B /* Roboto-BoldItalic.ttf */,
				386FCCC01F92754F00E1EE4B /* Roboto-Condensed.ttf */,
				386FCCBB1F92754E00E1EE4B /* Roboto-CondensedItalic.ttf */,
				386FCCC61F92754F00E1EE4B /* Roboto-Italic.ttf */,
				386FCCB91F92754E00E1EE4B /* Roboto-Light.ttf */,
				386FCCC81F92755000E1EE4B /* Roboto-LightItalic.ttf */,
				386FCCBC1F92754E00E1EE4B /* Roboto-Medium.ttf */,
				386FCCBF1F92754F00E1EE4B /* Roboto-MediumItalic.ttf */,
				386FCCBD1F92754E00E1EE4B /* Roboto-Regular.ttf */,
				386FCCC31F92754F00E1EE4B /* Roboto-Thin.ttf */,
				386FCCC41F92754F00E1EE4B /* Roboto-ThinItalic.ttf */,
			);
			path = Fonts;
			sourceTree = "<group>";
		};
		386FCCD91F927EA900E1EE4B /* Models */ = {
			isa = PBXGroup;
			children = (
				386FCCDA1F927ECA00E1EE4B /* Fonts.swift */,
				386FCCDC1F927EF800E1EE4B /* Games.swift */,
			);
			path = Models;
			sourceTree = "<group>";
		};
		386FCCDE1F927FAC00E1EE4B /* Views */ = {
			isa = PBXGroup;
			children = (
				386FCCDF1F92802C00E1EE4B /* RoundedCornerNgradientImageView.swift */,
				386FCCE11F92807B00E1EE4B /* ShadowNCornerRadiusView.swift */,
			);
			path = Views;
			sourceTree = "<group>";
		};
		388C6CB91F8E6FF100F5E24A = {
			isa = PBXGroup;
			children = (
				388C6CC41F8E6FF100F5E24A /* Projet_Prog */,
				388C6CD91F8E6FF100F5E24A /* Projet_ProgTests */,
				388C6CE41F8E6FF200F5E24A /* Projet_ProgUITests */,
				388C6CC31F8E6FF100F5E24A /* Products */,
				3556A182556CBCA06576DE75 /* Pods */,
				F4081194E15D18D6B587465B /* Frameworks */,
			);
			sourceTree = "<group>";
		};
		388C6CC31F8E6FF100F5E24A /* Products */ = {
			isa = PBXGroup;
			children = (
				388C6CC21F8E6FF100F5E24A /* Projet_Prog.app */,
				388C6CD61F8E6FF100F5E24A /* Projet_ProgTests.xctest */,
				388C6CE11F8E6FF200F5E24A /* Projet_ProgUITests.xctest */,
			);
			name = Products;
			sourceTree = "<group>";
		};
		388C6CC41F8E6FF100F5E24A /* Projet_Prog */ = {
			isa = PBXGroup;
			children = (
				388C6CC51F8E6FF100F5E24A /* AppDelegate.swift */,
				382136A41F8FEF3200C93641 /* MenuViewController.swift */,
				386FCCDE1F927FAC00E1EE4B /* Views */,
				386FCCD91F927EA900E1EE4B /* Models */,
				874C473F1F92B0CB0056AC8A /* Profil */,
				382136A21F8FED4C00C93641 /* Add Game */,
				386FCCB71F9274F400E1EE4B /* Ressources */,
				388C6CCE1F8E6FF100F5E24A /* LaunchScreen.storyboard */,
				388C6CD11F8E6FF100F5E24A /* Info.plist */,
			);
			path = Projet_Prog;
			sourceTree = "<group>";
		};
		388C6CD91F8E6FF100F5E24A /* Projet_ProgTests */ = {
			isa = PBXGroup;
			children = (
				388C6CDA1F8E6FF100F5E24A /* Projet_ProgTests.swift */,
				388C6CDC1F8E6FF100F5E24A /* Info.plist */,
			);
			path = Projet_ProgTests;
			sourceTree = "<group>";
		};
		388C6CE41F8E6FF200F5E24A /* Projet_ProgUITests */ = {
			isa = PBXGroup;
			children = (
				388C6CE51F8E6FF200F5E24A /* Projet_ProgUITests.swift */,
				388C6CE71F8E6FF200F5E24A /* Info.plist */,
			);
			path = Projet_ProgUITests;
			sourceTree = "<group>";
		};
		874C473F1F92B0CB0056AC8A /* Profil */ = {
			isa = PBXGroup;
			children = (
				874C47401F92B1710056AC8A /* ProfilViewController.swift */,
			);
			path = Profil;
			sourceTree = "<group>";
		};
		F4081194E15D18D6B587465B /* Frameworks */ = {
			isa = PBXGroup;
			children = (
				A55F2D17F496A7CF3B993C88 /* Pods_Projet_Prog.framework */,
				9C24B88D9A5D34B5AA593A1C /* Pods_Projet_ProgTests.framework */,
				AEECC8FC0A016A4DECA21A55 /* Pods_Projet_ProgUITests.framework */,
			);
			name = Frameworks;
			sourceTree = "<group>";
		};
/* End PBXGroup section */

/* Begin PBXNativeTarget section */
		388C6CC11F8E6FF100F5E24A /* Projet_Prog */ = {
			isa = PBXNativeTarget;
			buildConfigurationList = 388C6CEA1F8E6FF200F5E24A /* Build configuration list for PBXNativeTarget "Projet_Prog" */;
			buildPhases = (
				600CD52374CC0BA388B9CB0B /* [CP] Check Pods Manifest.lock */,
				388C6CBE1F8E6FF100F5E24A /* Sources */,
				388C6CBF1F8E6FF100F5E24A /* Frameworks */,
				388C6CC01F8E6FF100F5E24A /* Resources */,
				04A17A84813B0464E01E7341 /* [CP] Embed Pods Frameworks */,
				C34908E4A64071B740DDDEB3 /* [CP] Copy Pods Resources */,
			);
			buildRules = (
			);
			dependencies = (
			);
			name = Projet_Prog;
			productName = Projet_Prog;
			productReference = 388C6CC21F8E6FF100F5E24A /* Projet_Prog.app */;
			productType = "com.apple.product-type.application";
		};
		388C6CD51F8E6FF100F5E24A /* Projet_ProgTests */ = {
			isa = PBXNativeTarget;
			buildConfigurationList = 388C6CED1F8E6FF200F5E24A /* Build configuration list for PBXNativeTarget "Projet_ProgTests" */;
			buildPhases = (
				419C312E29449B0DDA59DAFD /* [CP] Check Pods Manifest.lock */,
				388C6CD21F8E6FF100F5E24A /* Sources */,
				388C6CD31F8E6FF100F5E24A /* Frameworks */,
				388C6CD41F8E6FF100F5E24A /* Resources */,
				F8FFCC4538C7F5DEABD3DB1F /* [CP] Embed Pods Frameworks */,
				7E5AD83DB907D99728DFA1A6 /* [CP] Copy Pods Resources */,
			);
			buildRules = (
			);
			dependencies = (
				388C6CD81F8E6FF100F5E24A /* PBXTargetDependency */,
			);
			name = Projet_ProgTests;
			productName = Projet_ProgTests;
			productReference = 388C6CD61F8E6FF100F5E24A /* Projet_ProgTests.xctest */;
			productType = "com.apple.product-type.bundle.unit-test";
		};
		388C6CE01F8E6FF200F5E24A /* Projet_ProgUITests */ = {
			isa = PBXNativeTarget;
			buildConfigurationList = 388C6CF01F8E6FF200F5E24A /* Build configuration list for PBXNativeTarget "Projet_ProgUITests" */;
			buildPhases = (
				3FA28F2C6FC07ABFE82FB109 /* [CP] Check Pods Manifest.lock */,
				388C6CDD1F8E6FF200F5E24A /* Sources */,
				388C6CDE1F8E6FF200F5E24A /* Frameworks */,
				388C6CDF1F8E6FF200F5E24A /* Resources */,
				87527DF3DD678BFDBDDE1147 /* [CP] Embed Pods Frameworks */,
				6BEC250D87DCE43EF883016B /* [CP] Copy Pods Resources */,
			);
			buildRules = (
			);
			dependencies = (
				388C6CE31F8E6FF200F5E24A /* PBXTargetDependency */,
			);
			name = Projet_ProgUITests;
			productName = Projet_ProgUITests;
			productReference = 388C6CE11F8E6FF200F5E24A /* Projet_ProgUITests.xctest */;
			productType = "com.apple.product-type.bundle.ui-testing";
		};
/* End PBXNativeTarget section */

/* Begin PBXProject section */
		388C6CBA1F8E6FF100F5E24A /* Project object */ = {
			isa = PBXProject;
			attributes = {
				LastSwiftUpdateCheck = 0900;
				LastUpgradeCheck = 0900;
				ORGANIZATIONNAME = "Paul Bénéteau";
				TargetAttributes = {
					388C6CC11F8E6FF100F5E24A = {
						CreatedOnToolsVersion = 9.0;
						ProvisioningStyle = Automatic;
					};
					388C6CD51F8E6FF100F5E24A = {
						CreatedOnToolsVersion = 9.0;
						ProvisioningStyle = Automatic;
						TestTargetID = 388C6CC11F8E6FF100F5E24A;
					};
					388C6CE01F8E6FF200F5E24A = {
						CreatedOnToolsVersion = 9.0;
						ProvisioningStyle = Automatic;
						TestTargetID = 388C6CC11F8E6FF100F5E24A;
					};
				};
			};
			buildConfigurationList = 388C6CBD1F8E6FF100F5E24A /* Build configuration list for PBXProject "Projet_Prog" */;
			compatibilityVersion = "Xcode 8.0";
			developmentRegion = en;
			hasScannedForEncodings = 0;
			knownRegions = (
				en,
				Base,
			);
			mainGroup = 388C6CB91F8E6FF100F5E24A;
			productRefGroup = 388C6CC31F8E6FF100F5E24A /* Products */;
			projectDirPath = "";
			projectRoot = "";
			targets = (
				388C6CC11F8E6FF100F5E24A /* Projet_Prog */,
				388C6CD51F8E6FF100F5E24A /* Projet_ProgTests */,
				388C6CE01F8E6FF200F5E24A /* Projet_ProgUITests */,
			);
		};
/* End PBXProject section */

/* Begin PBXResourcesBuildPhase section */
		388C6CC01F8E6FF100F5E24A /* Resources */ = {
			isa = PBXResourcesBuildPhase;
			buildActionMask = 2147483647;
			files = (
				388C6CD01F8E6FF100F5E24A /* LaunchScreen.storyboard in Resources */,
				386FCCD51F92756100E1EE4B /* Roboto-MediumItalic.ttf in Resources */,
				386FCCD71F92756100E1EE4B /* Roboto-Thin.ttf in Resources */,
				386FCCD61F92756100E1EE4B /* Roboto-Regular.ttf in Resources */,
				388C6CCD1F8E6FF100F5E24A /* Assets.xcassets in Resources */,
				386FCCD21F92756100E1EE4B /* Roboto-Light.ttf in Resources */,
				386FCCD81F92756100E1EE4B /* Roboto-ThinItalic.ttf in Resources */,
				386FCCCF1F92756100E1EE4B /* Roboto-Condensed.ttf in Resources */,
				386FCCD31F92756100E1EE4B /* Roboto-LightItalic.ttf in Resources */,
				386FCCCE1F92756100E1EE4B /* Roboto-BoldItalic.ttf in Resources */,
				386FCCCB1F92756100E1EE4B /* Roboto-Bold.ttf in Resources */,
				386FCCD01F92756100E1EE4B /* Roboto-CondensedItalic.ttf in Resources */,
				386FCCCD1F92756100E1EE4B /* Roboto-BoldCondensedItalic.ttf in Resources */,
				386FCCC91F92756100E1EE4B /* Roboto-Black.ttf in Resources */,
				386FCCD41F92756100E1EE4B /* Roboto-Medium.ttf in Resources */,
				386FCCCC1F92756100E1EE4B /* Roboto-BoldCondensed.ttf in Resources */,
				386FCCD11F92756100E1EE4B /* Roboto-Italic.ttf in Resources */,
				386FCCCA1F92756100E1EE4B /* Roboto-BlackItalic.ttf in Resources */,
			);
			runOnlyForDeploymentPostprocessing = 0;
		};
		388C6CD41F8E6FF100F5E24A /* Resources */ = {
			isa = PBXResourcesBuildPhase;
			buildActionMask = 2147483647;
			files = (
			);
			runOnlyForDeploymentPostprocessing = 0;
		};
		388C6CDF1F8E6FF200F5E24A /* Resources */ = {
			isa = PBXResourcesBuildPhase;
			buildActionMask = 2147483647;
			files = (
			);
			runOnlyForDeploymentPostprocessing = 0;
		};
/* End PBXResourcesBuildPhase section */

/* Begin PBXShellScriptBuildPhase section */
		04A17A84813B0464E01E7341 /* [CP] Embed Pods Frameworks */ = {
			isa = PBXShellScriptBuildPhase;
			buildActionMask = 2147483647;
			files = (
			);
			inputPaths = (
			);
			name = "[CP] Embed Pods Frameworks";
			outputPaths = (
			);
			runOnlyForDeploymentPostprocessing = 0;
			shellPath = /bin/sh;
			shellScript = "\"${SRCROOT}/Pods/Target Support Files/Pods-Projet_Prog/Pods-Projet_Prog-frameworks.sh\"\n";
			showEnvVarsInLog = 0;
		};
		3FA28F2C6FC07ABFE82FB109 /* [CP] Check Pods Manifest.lock */ = {
			isa = PBXShellScriptBuildPhase;
			buildActionMask = 2147483647;
			files = (
			);
			inputPaths = (
			);
			name = "[CP] Check Pods Manifest.lock";
			outputPaths = (
			);
			runOnlyForDeploymentPostprocessing = 0;
			shellPath = /bin/sh;
			shellScript = "diff \"${PODS_ROOT}/../Podfile.lock\" \"${PODS_ROOT}/Manifest.lock\" > /dev/null\nif [ $? != 0 ] ; then\n    # print error to STDERR\n    echo \"error: The sandbox is not in sync with the Podfile.lock. Run 'pod install' or update your CocoaPods installation.\" >&2\n    exit 1\nfi\n";
			showEnvVarsInLog = 0;
		};
		419C312E29449B0DDA59DAFD /* [CP] Check Pods Manifest.lock */ = {
			isa = PBXShellScriptBuildPhase;
			buildActionMask = 2147483647;
			files = (
			);
			inputPaths = (
			);
			name = "[CP] Check Pods Manifest.lock";
			outputPaths = (
			);
			runOnlyForDeploymentPostprocessing = 0;
			shellPath = /bin/sh;
			shellScript = "diff \"${PODS_ROOT}/../Podfile.lock\" \"${PODS_ROOT}/Manifest.lock\" > /dev/null\nif [ $? != 0 ] ; then\n    # print error to STDERR\n    echo \"error: The sandbox is not in sync with the Podfile.lock. Run 'pod install' or update your CocoaPods installation.\" >&2\n    exit 1\nfi\n";
			showEnvVarsInLog = 0;
		};
		600CD52374CC0BA388B9CB0B /* [CP] Check Pods Manifest.lock */ = {
			isa = PBXShellScriptBuildPhase;
			buildActionMask = 2147483647;
			files = (
			);
			inputPaths = (
			);
			name = "[CP] Check Pods Manifest.lock";
			outputPaths = (
			);
			runOnlyForDeploymentPostprocessing = 0;
			shellPath = /bin/sh;
			shellScript = "diff \"${PODS_ROOT}/../Podfile.lock\" \"${PODS_ROOT}/Manifest.lock\" > /dev/null\nif [ $? != 0 ] ; then\n    # print error to STDERR\n    echo \"error: The sandbox is not in sync with the Podfile.lock. Run 'pod install' or update your CocoaPods installation.\" >&2\n    exit 1\nfi\n";
			showEnvVarsInLog = 0;
		};
		6BEC250D87DCE43EF883016B /* [CP] Copy Pods Resources */ = {
			isa = PBXShellScriptBuildPhase;
			buildActionMask = 2147483647;
			files = (
			);
			inputPaths = (
			);
			name = "[CP] Copy Pods Resources";
			outputPaths = (
			);
			runOnlyForDeploymentPostprocessing = 0;
			shellPath = /bin/sh;
			shellScript = "\"${SRCROOT}/Pods/Target Support Files/Pods-Projet_ProgUITests/Pods-Projet_ProgUITests-resources.sh\"\n";
			showEnvVarsInLog = 0;
		};
		7E5AD83DB907D99728DFA1A6 /* [CP] Copy Pods Resources */ = {
			isa = PBXShellScriptBuildPhase;
			buildActionMask = 2147483647;
			files = (
			);
			inputPaths = (
			);
			name = "[CP] Copy Pods Resources";
			outputPaths = (
			);
			runOnlyForDeploymentPostprocessing = 0;
			shellPath = /bin/sh;
			shellScript = "\"${SRCROOT}/Pods/Target Support Files/Pods-Projet_ProgTests/Pods-Projet_ProgTests-resources.sh\"\n";
			showEnvVarsInLog = 0;
		};
		87527DF3DD678BFDBDDE1147 /* [CP] Embed Pods Frameworks */ = {
			isa = PBXShellScriptBuildPhase;
			buildActionMask = 2147483647;
			files = (
			);
			inputPaths = (
			);
			name = "[CP] Embed Pods Frameworks";
			outputPaths = (
			);
			runOnlyForDeploymentPostprocessing = 0;
			shellPath = /bin/sh;
			shellScript = "\"${SRCROOT}/Pods/Target Support Files/Pods-Projet_ProgUITests/Pods-Projet_ProgUITests-frameworks.sh\"\n";
			showEnvVarsInLog = 0;
		};
		C34908E4A64071B740DDDEB3 /* [CP] Copy Pods Resources */ = {
			isa = PBXShellScriptBuildPhase;
			buildActionMask = 2147483647;
			files = (
			);
			inputPaths = (
			);
			name = "[CP] Copy Pods Resources";
			outputPaths = (
			);
			runOnlyForDeploymentPostprocessing = 0;
			shellPath = /bin/sh;
			shellScript = "\"${SRCROOT}/Pods/Target Support Files/Pods-Projet_Prog/Pods-Projet_Prog-resources.sh\"\n";
			showEnvVarsInLog = 0;
		};
		F8FFCC4538C7F5DEABD3DB1F /* [CP] Embed Pods Frameworks */ = {
			isa = PBXShellScriptBuildPhase;
			buildActionMask = 2147483647;
			files = (
			);
			inputPaths = (
			);
			name = "[CP] Embed Pods Frameworks";
			outputPaths = (
			);
			runOnlyForDeploymentPostprocessing = 0;
			shellPath = /bin/sh;
			shellScript = "\"${SRCROOT}/Pods/Target Support Files/Pods-Projet_ProgTests/Pods-Projet_ProgTests-frameworks.sh\"\n";
			showEnvVarsInLog = 0;
		};
/* End PBXShellScriptBuildPhase section */

/* Begin PBXSourcesBuildPhase section */
		388C6CBE1F8E6FF100F5E24A /* Sources */ = {
			isa = PBXSourcesBuildPhase;
			buildActionMask = 2147483647;
			files = (
				386FCCB51F926FBB00E1EE4B /* AddGameViewController.swift in Sources */,
				382136A51F8FEF3200C93641 /* MenuViewController.swift in Sources */,
				388C6CC61F8E6FF100F5E24A /* AppDelegate.swift in Sources */,
				386FCCDD1F927EF800E1EE4B /* Games.swift in Sources */,
				386FCCE01F92802C00E1EE4B /* RoundedCornerNgradientImageView.swift in Sources */,
				3821369F1F8FEA7200C93641 /* AddGameUITableView.swift in Sources */,
				386FCCDB1F927ECA00E1EE4B /* Fonts.swift in Sources */,
				386FCCE21F92807B00E1EE4B /* ShadowNCornerRadiusView.swift in Sources */,
				382136A11F8FED4600C93641 /* AddGameTableViewCell.swift in Sources */,
			);
			runOnlyForDeploymentPostprocessing = 0;
		};
		388C6CD21F8E6FF100F5E24A /* Sources */ = {
			isa = PBXSourcesBuildPhase;
			buildActionMask = 2147483647;
			files = (
				388C6CDB1F8E6FF100F5E24A /* Projet_ProgTests.swift in Sources */,
			);
			runOnlyForDeploymentPostprocessing = 0;
		};
		388C6CDD1F8E6FF200F5E24A /* Sources */ = {
			isa = PBXSourcesBuildPhase;
			buildActionMask = 2147483647;
			files = (
				388C6CE61F8E6FF200F5E24A /* Projet_ProgUITests.swift in Sources */,
			);
			runOnlyForDeploymentPostprocessing = 0;
		};
/* End PBXSourcesBuildPhase section */

/* Begin PBXTargetDependency section */
		388C6CD81F8E6FF100F5E24A /* PBXTargetDependency */ = {
			isa = PBXTargetDependency;
			target = 388C6CC11F8E6FF100F5E24A /* Projet_Prog */;
			targetProxy = 388C6CD71F8E6FF100F5E24A /* PBXContainerItemProxy */;
		};
		388C6CE31F8E6FF200F5E24A /* PBXTargetDependency */ = {
			isa = PBXTargetDependency;
			target = 388C6CC11F8E6FF100F5E24A /* Projet_Prog */;
			targetProxy = 388C6CE21F8E6FF200F5E24A /* PBXContainerItemProxy */;
		};
/* End PBXTargetDependency section */

/* Begin PBXVariantGroup section */
		388C6CCE1F8E6FF100F5E24A /* LaunchScreen.storyboard */ = {
			isa = PBXVariantGroup;
			children = (
				388C6CCF1F8E6FF100F5E24A /* Base */,
			);
			name = LaunchScreen.storyboard;
			sourceTree = "<group>";
		};
/* End PBXVariantGroup section */

/* Begin XCBuildConfiguration section */
		388C6CE81F8E6FF200F5E24A /* Debug */ = {
			isa = XCBuildConfiguration;
			buildSettings = {
				ALWAYS_SEARCH_USER_PATHS = NO;
				CLANG_ANALYZER_NONNULL = YES;
				CLANG_ANALYZER_NUMBER_OBJECT_CONVERSION = YES_AGGRESSIVE;
				CLANG_CXX_LANGUAGE_STANDARD = "gnu++14";
				CLANG_CXX_LIBRARY = "libc++";
				CLANG_ENABLE_MODULES = YES;
				CLANG_ENABLE_OBJC_ARC = YES;
				CLANG_WARN_BLOCK_CAPTURE_AUTORELEASING = YES;
				CLANG_WARN_BOOL_CONVERSION = YES;
				CLANG_WARN_COMMA = YES;
				CLANG_WARN_CONSTANT_CONVERSION = YES;
				CLANG_WARN_DIRECT_OBJC_ISA_USAGE = YES_ERROR;
				CLANG_WARN_DOCUMENTATION_COMMENTS = YES;
				CLANG_WARN_EMPTY_BODY = YES;
				CLANG_WARN_ENUM_CONVERSION = YES;
				CLANG_WARN_INFINITE_RECURSION = YES;
				CLANG_WARN_INT_CONVERSION = YES;
				CLANG_WARN_NON_LITERAL_NULL_CONVERSION = YES;
				CLANG_WARN_OBJC_LITERAL_CONVERSION = YES;
				CLANG_WARN_OBJC_ROOT_CLASS = YES_ERROR;
				CLANG_WARN_RANGE_LOOP_ANALYSIS = YES;
				CLANG_WARN_STRICT_PROTOTYPES = YES;
				CLANG_WARN_SUSPICIOUS_MOVE = YES;
				CLANG_WARN_UNGUARDED_AVAILABILITY = YES_AGGRESSIVE;
				CLANG_WARN_UNREACHABLE_CODE = YES;
				CLANG_WARN__DUPLICATE_METHOD_MATCH = YES;
				CODE_SIGN_IDENTITY = "iPhone Developer";
				COPY_PHASE_STRIP = NO;
				DEBUG_INFORMATION_FORMAT = dwarf;
				ENABLE_STRICT_OBJC_MSGSEND = YES;
				ENABLE_TESTABILITY = YES;
				GCC_C_LANGUAGE_STANDARD = gnu11;
				GCC_DYNAMIC_NO_PIC = NO;
				GCC_NO_COMMON_BLOCKS = YES;
				GCC_OPTIMIZATION_LEVEL = 0;
				GCC_PREPROCESSOR_DEFINITIONS = (
					"DEBUG=1",
					"$(inherited)",
				);
				GCC_WARN_64_TO_32_BIT_CONVERSION = YES;
				GCC_WARN_ABOUT_RETURN_TYPE = YES_ERROR;
				GCC_WARN_UNDECLARED_SELECTOR = YES;
				GCC_WARN_UNINITIALIZED_AUTOS = YES_AGGRESSIVE;
				GCC_WARN_UNUSED_FUNCTION = YES;
				GCC_WARN_UNUSED_VARIABLE = YES;
				IPHONEOS_DEPLOYMENT_TARGET = 11.0;
				MTL_ENABLE_DEBUG_INFO = YES;
				ONLY_ACTIVE_ARCH = YES;
				SDKROOT = iphoneos;
				SWIFT_ACTIVE_COMPILATION_CONDITIONS = DEBUG;
				SWIFT_OPTIMIZATION_LEVEL = "-Onone";
			};
			name = Debug;
		};
		388C6CE91F8E6FF200F5E24A /* Release */ = {
			isa = XCBuildConfiguration;
			buildSettings = {
				ALWAYS_SEARCH_USER_PATHS = NO;
				CLANG_ANALYZER_NONNULL = YES;
				CLANG_ANALYZER_NUMBER_OBJECT_CONVERSION = YES_AGGRESSIVE;
				CLANG_CXX_LANGUAGE_STANDARD = "gnu++14";
				CLANG_CXX_LIBRARY = "libc++";
				CLANG_ENABLE_MODULES = YES;
				CLANG_ENABLE_OBJC_ARC = YES;
				CLANG_WARN_BLOCK_CAPTURE_AUTORELEASING = YES;
				CLANG_WARN_BOOL_CONVERSION = YES;
				CLANG_WARN_COMMA = YES;
				CLANG_WARN_CONSTANT_CONVERSION = YES;
				CLANG_WARN_DIRECT_OBJC_ISA_USAGE = YES_ERROR;
				CLANG_WARN_DOCUMENTATION_COMMENTS = YES;
				CLANG_WARN_EMPTY_BODY = YES;
				CLANG_WARN_ENUM_CONVERSION = YES;
				CLANG_WARN_INFINITE_RECURSION = YES;
				CLANG_WARN_INT_CONVERSION = YES;
				CLANG_WARN_NON_LITERAL_NULL_CONVERSION = YES;
				CLANG_WARN_OBJC_LITERAL_CONVERSION = YES;
				CLANG_WARN_OBJC_ROOT_CLASS = YES_ERROR;
				CLANG_WARN_RANGE_LOOP_ANALYSIS = YES;
				CLANG_WARN_STRICT_PROTOTYPES = YES;
				CLANG_WARN_SUSPICIOUS_MOVE = YES;
				CLANG_WARN_UNGUARDED_AVAILABILITY = YES_AGGRESSIVE;
				CLANG_WARN_UNREACHABLE_CODE = YES;
				CLANG_WARN__DUPLICATE_METHOD_MATCH = YES;
				CODE_SIGN_IDENTITY = "iPhone Developer";
				COPY_PHASE_STRIP = NO;
				DEBUG_INFORMATION_FORMAT = "dwarf-with-dsym";
				ENABLE_NS_ASSERTIONS = NO;
				ENABLE_STRICT_OBJC_MSGSEND = YES;
				GCC_C_LANGUAGE_STANDARD = gnu11;
				GCC_NO_COMMON_BLOCKS = YES;
				GCC_WARN_64_TO_32_BIT_CONVERSION = YES;
				GCC_WARN_ABOUT_RETURN_TYPE = YES_ERROR;
				GCC_WARN_UNDECLARED_SELECTOR = YES;
				GCC_WARN_UNINITIALIZED_AUTOS = YES_AGGRESSIVE;
				GCC_WARN_UNUSED_FUNCTION = YES;
				GCC_WARN_UNUSED_VARIABLE = YES;
				IPHONEOS_DEPLOYMENT_TARGET = 11.0;
				MTL_ENABLE_DEBUG_INFO = NO;
				SDKROOT = iphoneos;
				SWIFT_OPTIMIZATION_LEVEL = "-Owholemodule";
				VALIDATE_PRODUCT = YES;
			};
			name = Release;
		};
		388C6CEB1F8E6FF200F5E24A /* Debug */ = {
			isa = XCBuildConfiguration;
			baseConfigurationReference = 1373144107C980EE1253667B /* Pods-Projet_Prog.debug.xcconfig */;
			buildSettings = {
				ASSETCATALOG_COMPILER_APPICON_NAME = AppIcon;
				CODE_SIGN_STYLE = Automatic;
				DEVELOPMENT_TEAM = D8J97J3MM9;
				INFOPLIST_FILE = Projet_Prog/Info.plist;
				LD_RUNPATH_SEARCH_PATHS = "$(inherited) @executable_path/Frameworks";
				PRODUCT_BUNDLE_IDENTIFIER = "Hermispher.Projet-Prog";
				PRODUCT_NAME = "$(TARGET_NAME)";
				SWIFT_VERSION = 4.0;
				TARGETED_DEVICE_FAMILY = "1,2";
			};
			name = Debug;
		};
		388C6CEC1F8E6FF200F5E24A /* Release */ = {
			isa = XCBuildConfiguration;
			baseConfigurationReference = 51A4E5584357054FD47B38EE /* Pods-Projet_Prog.release.xcconfig */;
			buildSettings = {
				ASSETCATALOG_COMPILER_APPICON_NAME = AppIcon;
				CODE_SIGN_STYLE = Automatic;
				DEVELOPMENT_TEAM = D8J97J3MM9;
				INFOPLIST_FILE = Projet_Prog/Info.plist;
				LD_RUNPATH_SEARCH_PATHS = "$(inherited) @executable_path/Frameworks";
				PRODUCT_BUNDLE_IDENTIFIER = "Hermispher.Projet-Prog";
				PRODUCT_NAME = "$(TARGET_NAME)";
				SWIFT_VERSION = 4.0;
				TARGETED_DEVICE_FAMILY = "1,2";
			};
			name = Release;
		};
		388C6CEE1F8E6FF200F5E24A /* Debug */ = {
			isa = XCBuildConfiguration;
			baseConfigurationReference = 3D8DFDF7516C230BDD1F69D1 /* Pods-Projet_ProgTests.debug.xcconfig */;
			buildSettings = {
				ALWAYS_EMBED_SWIFT_STANDARD_LIBRARIES = YES;
				BUNDLE_LOADER = "$(TEST_HOST)";
				CODE_SIGN_STYLE = Automatic;
				INFOPLIST_FILE = Projet_ProgTests/Info.plist;
				LD_RUNPATH_SEARCH_PATHS = "$(inherited) @executable_path/Frameworks @loader_path/Frameworks";
				PRODUCT_BUNDLE_IDENTIFIER = "Hermispher.Projet-ProgTests";
				PRODUCT_NAME = "$(TARGET_NAME)";
				SWIFT_VERSION = 4.0;
				TARGETED_DEVICE_FAMILY = "1,2";
				TEST_HOST = "$(BUILT_PRODUCTS_DIR)/Projet_Prog.app/Projet_Prog";
			};
			name = Debug;
		};
		388C6CEF1F8E6FF200F5E24A /* Release */ = {
			isa = XCBuildConfiguration;
			baseConfigurationReference = FE15698A1F5372D4E0DDE5E0 /* Pods-Projet_ProgTests.release.xcconfig */;
			buildSettings = {
				ALWAYS_EMBED_SWIFT_STANDARD_LIBRARIES = YES;
				BUNDLE_LOADER = "$(TEST_HOST)";
				CODE_SIGN_STYLE = Automatic;
				INFOPLIST_FILE = Projet_ProgTests/Info.plist;
				LD_RUNPATH_SEARCH_PATHS = "$(inherited) @executable_path/Frameworks @loader_path/Frameworks";
				PRODUCT_BUNDLE_IDENTIFIER = "Hermispher.Projet-ProgTests";
				PRODUCT_NAME = "$(TARGET_NAME)";
				SWIFT_VERSION = 4.0;
				TARGETED_DEVICE_FAMILY = "1,2";
				TEST_HOST = "$(BUILT_PRODUCTS_DIR)/Projet_Prog.app/Projet_Prog";
			};
			name = Release;
		};
		388C6CF11F8E6FF200F5E24A /* Debug */ = {
			isa = XCBuildConfiguration;
			baseConfigurationReference = 95FFAA67781F06414B87989B /* Pods-Projet_ProgUITests.debug.xcconfig */;
			buildSettings = {
				ALWAYS_EMBED_SWIFT_STANDARD_LIBRARIES = YES;
				CODE_SIGN_STYLE = Automatic;
				INFOPLIST_FILE = Projet_ProgUITests/Info.plist;
				LD_RUNPATH_SEARCH_PATHS = "$(inherited) @executable_path/Frameworks @loader_path/Frameworks";
				PRODUCT_BUNDLE_IDENTIFIER = "Hermispher.Projet-ProgUITests";
				PRODUCT_NAME = "$(TARGET_NAME)";
				SWIFT_VERSION = 4.0;
				TARGETED_DEVICE_FAMILY = "1,2";
				TEST_TARGET_NAME = Projet_Prog;
			};
			name = Debug;
		};
		388C6CF21F8E6FF200F5E24A /* Release */ = {
			isa = XCBuildConfiguration;
			baseConfigurationReference = 2F0300303EC0E93AB8A3369A /* Pods-Projet_ProgUITests.release.xcconfig */;
			buildSettings = {
				ALWAYS_EMBED_SWIFT_STANDARD_LIBRARIES = YES;
				CODE_SIGN_STYLE = Automatic;
				INFOPLIST_FILE = Projet_ProgUITests/Info.plist;
				LD_RUNPATH_SEARCH_PATHS = "$(inherited) @executable_path/Frameworks @loader_path/Frameworks";
				PRODUCT_BUNDLE_IDENTIFIER = "Hermispher.Projet-ProgUITests";
				PRODUCT_NAME = "$(TARGET_NAME)";
				SWIFT_VERSION = 4.0;
				TARGETED_DEVICE_FAMILY = "1,2";
				TEST_TARGET_NAME = Projet_Prog;
			};
			name = Release;
		};
/* End XCBuildConfiguration section */

/* Begin XCConfigurationList section */
		388C6CBD1F8E6FF100F5E24A /* Build configuration list for PBXProject "Projet_Prog" */ = {
			isa = XCConfigurationList;
			buildConfigurations = (
				388C6CE81F8E6FF200F5E24A /* Debug */,
				388C6CE91F8E6FF200F5E24A /* Release */,
			);
			defaultConfigurationIsVisible = 0;
			defaultConfigurationName = Release;
		};
		388C6CEA1F8E6FF200F5E24A /* Build configuration list for PBXNativeTarget "Projet_Prog" */ = {
			isa = XCConfigurationList;
			buildConfigurations = (
				388C6CEB1F8E6FF200F5E24A /* Debug */,
				388C6CEC1F8E6FF200F5E24A /* Release */,
			);
			defaultConfigurationIsVisible = 0;
			defaultConfigurationName = Release;
		};
		388C6CED1F8E6FF200F5E24A /* Build configuration list for PBXNativeTarget "Projet_ProgTests" */ = {
			isa = XCConfigurationList;
			buildConfigurations = (
				388C6CEE1F8E6FF200F5E24A /* Debug */,
				388C6CEF1F8E6FF200F5E24A /* Release */,
			);
			defaultConfigurationIsVisible = 0;
			defaultConfigurationName = Release;
		};
		388C6CF01F8E6FF200F5E24A /* Build configuration list for PBXNativeTarget "Projet_ProgUITests" */ = {
			isa = XCConfigurationList;
			buildConfigurations = (
				388C6CF11F8E6FF200F5E24A /* Debug */,
				388C6CF21F8E6FF200F5E24A /* Release */,
			);
			defaultConfigurationIsVisible = 0;
			defaultConfigurationName = Release;
		};
/* End XCConfigurationList section */
	};
	rootObject = 388C6CBA1F8E6FF100F5E24A /* Project object */;
}
